
Microsoft Visual Studio Solution File, Format Version 12.00
# Visual Studio Version 17
VisualStudioVersion = 17.10.35027.167
MinimumVisualStudioVersion = 10.0.40219.1
Project("{9A19103F-16F7-4668-BE54-9A1E7A4F7556}") = "API_RESTful", "API_RESTful\API_RESTful.csproj", "{10C1452A-44AF-4CD2-A544-67F87C468E83}"
EndProject
Project("{9A19103F-16F7-4668-BE54-9A1E7A4F7556}") = "Transferencia_Datos", "Transferencia_Datos\Transferencia_Datos.csproj", "{7F0A05FB-E2B9-450C-AEE4-8AACA385D143}"
EndProject
Project("{FAE04EC0-301F-11D3-BF4B-00C04F79EFBC}") = "UI_MVC", "UI_MVC\UI_MVC.csproj", "{4786736D-560C-4900-ABAE-76120D7CE97D}"
EndProject
Global
	GlobalSection(SolutionConfigurationPlatforms) = preSolution
		Debug|Any CPU = Debug|Any CPU
		Release|Any CPU = Release|Any CPU
	EndGlobalSection
	GlobalSection(ProjectConfigurationPlatforms) = postSolution
		{10C1452A-44AF-4CD2-A544-67F87C468E83}.Debug|Any CPU.ActiveCfg = Debug|Any CPU
		{10C1452A-44AF-4CD2-A544-67F87C468E83}.Debug|Any CPU.Build.0 = Debug|Any CPU
		{10C1452A-44AF-4CD2-A544-67F87C468E83}.Release|Any CPU.ActiveCfg = Release|Any CPU
		{10C1452A-44AF-4CD2-A544-67F87C468E83}.Release|Any CPU.Build.0 = Release|Any CPU
		{7F0A05FB-E2B9-450C-AEE4-8AACA385D143}.Debug|Any CPU.ActiveCfg = Debug|Any CPU
		{7F0A05FB-E2B9-450C-AEE4-8AACA385D143}.Debug|Any CPU.Build.0 = Debug|Any CPU
		{7F0A05FB-E2B9-450C-AEE4-8AACA385D143}.Release|Any CPU.ActiveCfg = Release|Any CPU
		{7F0A05FB-E2B9-450C-AEE4-8AACA385D143}.Release|Any CPU.Build.0 = Release|Any CPU
		{4786736D-560C-4900-ABAE-76120D7CE97D}.Debug|Any CPU.ActiveCfg = Debug|Any CPU
		{4786736D-560C-4900-ABAE-76120D7CE97D}.Debug|Any CPU.Build.0 = Debug|Any CPU
		{4786736D-560C-4900-ABAE-76120D7CE97D}.Release|Any CPU.ActiveCfg = Release|Any CPU
		{4786736D-560C-4900-ABAE-76120D7CE97D}.Release|Any CPU.Build.0 = Release|Any CPU
	EndGlobalSection
	GlobalSection(SolutionProperties) = preSolution
		HideSolutionNode = FALSE
	EndGlobalSection
	GlobalSection(ExtensibilityGlobals) = postSolution
		SolutionGuid = {DF168311-F92F-43A9-A89D-BC7726AD0563}
	EndGlobalSection
EndGlobal
